
Microsoft Visual Studio Solution File, Format Version 12.00
# Visual Studio Version 16
VisualStudioVersion = 16.0.30114.105
MinimumVisualStudioVersion = 10.0.40219.1
Project("{2150E333-8FDC-42A3-9474-1A3956D46DE8}") = "src", "src", "{5D2C2A61-E2F1-4F35-97ED-1AC4BA83BF95}"
EndProject
Project("{FAE04EC0-301F-11D3-BF4B-00C04F79EFBC}") = "Garnet.Detail.Pagination.Asp", "src\Garnet.Detail.Pagination.Asp\Garnet.Detail.Pagination.Asp.csproj", "{AE22077A-6354-46BF-AB7F-525172B39F85}"
EndProject
Project("{FAE04EC0-301F-11D3-BF4B-00C04F79EFBC}") = "Garnet.Standard.Pagination", "src\Garnet.Standard.Pagination\Garnet.Standard.Pagination.csproj", "{73BB23BF-F6A1-4E76-B9E6-09D026DBD5F2}"
EndProject
Project("{FAE04EC0-301F-11D3-BF4B-00C04F79EFBC}") = "Garnet.Detail.Pagination.ListExtensions", "src\Garnet.Detail.Pagination.ListExtensions\Garnet.Detail.Pagination.ListExtensions.csproj", "{341D04F6-9299-4B05-95D7-7D8E015AED27}"
EndProject
Project("{FAE04EC0-301F-11D3-BF4B-00C04F79EFBC}") = "Garnet.Pagination", "src\Garnet.Pagination\Garnet.Pagination.csproj", "{039AE5EE-E933-459D-BFEA-D1B8931D8101}"
EndProject
Global
	GlobalSection(SolutionProperties) = preSolution
		HideSolutionNode = FALSE
	EndGlobalSection
	GlobalSection(SolutionConfigurationPlatforms) = preSolution
		Debug|Any CPU = Debug|Any CPU
		Debug|x64 = Debug|x64
		Debug|x86 = Debug|x86
		Release|Any CPU = Release|Any CPU
		Release|x64 = Release|x64
		Release|x86 = Release|x86
	EndGlobalSection
	GlobalSection(ProjectConfigurationPlatforms) = postSolution
		{AE22077A-6354-46BF-AB7F-525172B39F85}.Debug|Any CPU.ActiveCfg = Debug|Any CPU
		{AE22077A-6354-46BF-AB7F-525172B39F85}.Debug|Any CPU.Build.0 = Debug|Any CPU
		{AE22077A-6354-46BF-AB7F-525172B39F85}.Debug|x64.ActiveCfg = Debug|Any CPU
		{AE22077A-6354-46BF-AB7F-525172B39F85}.Debug|x64.Build.0 = Debug|Any CPU
		{AE22077A-6354-46BF-AB7F-525172B39F85}.Debug|x86.ActiveCfg = Debug|Any CPU
		{AE22077A-6354-46BF-AB7F-525172B39F85}.Debug|x86.Build.0 = Debug|Any CPU
		{AE22077A-6354-46BF-AB7F-525172B39F85}.Release|Any CPU.ActiveCfg = Release|Any CPU
		{AE22077A-6354-46BF-AB7F-525172B39F85}.Release|Any CPU.Build.0 = Release|Any CPU
		{AE22077A-6354-46BF-AB7F-525172B39F85}.Release|x64.ActiveCfg = Release|Any CPU
		{AE22077A-6354-46BF-AB7F-525172B39F85}.Release|x64.Build.0 = Release|Any CPU
		{AE22077A-6354-46BF-AB7F-525172B39F85}.Release|x86.ActiveCfg = Release|Any CPU
		{AE22077A-6354-46BF-AB7F-525172B39F85}.Release|x86.Build.0 = Release|Any CPU
		{73BB23BF-F6A1-4E76-B9E6-09D026DBD5F2}.Debug|Any CPU.ActiveCfg = Debug|Any CPU
		{73BB23BF-F6A1-4E76-B9E6-09D026DBD5F2}.Debug|Any CPU.Build.0 = Debug|Any CPU
		{73BB23BF-F6A1-4E76-B9E6-09D026DBD5F2}.Debug|x64.ActiveCfg = Debug|Any CPU
		{73BB23BF-F6A1-4E76-B9E6-09D026DBD5F2}.Debug|x64.Build.0 = Debug|Any CPU
		{73BB23BF-F6A1-4E76-B9E6-09D026DBD5F2}.Debug|x86.ActiveCfg = Debug|Any CPU
		{73BB23BF-F6A1-4E76-B9E6-09D026DBD5F2}.Debug|x86.Build.0 = Debug|Any CPU
		{73BB23BF-F6A1-4E76-B9E6-09D026DBD5F2}.Release|Any CPU.ActiveCfg = Release|Any CPU
		{73BB23BF-F6A1-4E76-B9E6-09D026DBD5F2}.Release|Any CPU.Build.0 = Release|Any CPU
		{73BB23BF-F6A1-4E76-B9E6-09D026DBD5F2}.Release|x64.ActiveCfg = Release|Any CPU
		{73BB23BF-F6A1-4E76-B9E6-09D026DBD5F2}.Release|x64.Build.0 = Release|Any CPU
		{73BB23BF-F6A1-4E76-B9E6-09D026DBD5F2}.Release|x86.ActiveCfg = Release|Any CPU
		{73BB23BF-F6A1-4E76-B9E6-09D026DBD5F2}.Release|x86.Build.0 = Release|Any CPU
		{341D04F6-9299-4B05-95D7-7D8E015AED27}.Debug|Any CPU.ActiveCfg = Debug|Any CPU
		{341D04F6-9299-4B05-95D7-7D8E015AED27}.Debug|Any CPU.Build.0 = Debug|Any CPU
		{341D04F6-9299-4B05-95D7-7D8E015AED27}.Debug|x64.ActiveCfg = Debug|Any CPU
		{341D04F6-9299-4B05-95D7-7D8E015AED27}.Debug|x64.Build.0 = Debug|Any CPU
		{341D04F6-9299-4B05-95D7-7D8E015AED27}.Debug|x86.ActiveCfg = Debug|Any CPU
		{341D04F6-9299-4B05-95D7-7D8E015AED27}.Debug|x86.Build.0 = Debug|Any CPU
		{341D04F6-9299-4B05-95D7-7D8E015AED27}.Release|Any CPU.ActiveCfg = Release|Any CPU
		{341D04F6-9299-4B05-95D7-7D8E015AED27}.Release|Any CPU.Build.0 = Release|Any CPU
		{341D04F6-9299-4B05-95D7-7D8E015AED27}.Release|x64.ActiveCfg = Release|Any CPU
		{341D04F6-9299-4B05-95D7-7D8E015AED27}.Release|x64.Build.0 = Release|Any CPU
		{341D04F6-9299-4B05-95D7-7D8E015AED27}.Release|x86.ActiveCfg = Release|Any CPU
		{341D04F6-9299-4B05-95D7-7D8E015AED27}.Release|x86.Build.0 = Release|Any CPU
		{039AE5EE-E933-459D-BFEA-D1B8931D8101}.Debug|Any CPU.ActiveCfg = Debug|Any CPU
		{039AE5EE-E933-459D-BFEA-D1B8931D8101}.Debug|Any CPU.Build.0 = Debug|Any CPU
		{039AE5EE-E933-459D-BFEA-D1B8931D8101}.Debug|x64.ActiveCfg = Debug|Any CPU
		{039AE5EE-E933-459D-BFEA-D1B8931D8101}.Debug|x64.Build.0 = Debug|Any CPU
		{039AE5EE-E933-459D-BFEA-D1B8931D8101}.Debug|x86.ActiveCfg = Debug|Any CPU
		{039AE5EE-E933-459D-BFEA-D1B8931D8101}.Debug|x86.Build.0 = Debug|Any CPU
		{039AE5EE-E933-459D-BFEA-D1B8931D8101}.Release|Any CPU.ActiveCfg = Release|Any CPU
		{039AE5EE-E933-459D-BFEA-D1B8931D8101}.Release|Any CPU.Build.0 = Release|Any CPU
		{039AE5EE-E933-459D-BFEA-D1B8931D8101}.Release|x64.ActiveCfg = Release|Any CPU
		{039AE5EE-E933-459D-BFEA-D1B8931D8101}.Release|x64.Build.0 = Release|Any CPU
		{039AE5EE-E933-459D-BFEA-D1B8931D8101}.Release|x86.ActiveCfg = Release|Any CPU
		{039AE5EE-E933-459D-BFEA-D1B8931D8101}.Release|x86.Build.0 = Release|Any CPU
	EndGlobalSection
	GlobalSection(NestedProjects) = preSolution
		{AE22077A-6354-46BF-AB7F-525172B39F85} = {5D2C2A61-E2F1-4F35-97ED-1AC4BA83BF95}
		{73BB23BF-F6A1-4E76-B9E6-09D026DBD5F2} = {5D2C2A61-E2F1-4F35-97ED-1AC4BA83BF95}
		{341D04F6-9299-4B05-95D7-7D8E015AED27} = {5D2C2A61-E2F1-4F35-97ED-1AC4BA83BF95}
		{039AE5EE-E933-459D-BFEA-D1B8931D8101} = {5D2C2A61-E2F1-4F35-97ED-1AC4BA83BF95}
	EndGlobalSection
EndGlobal
